
Microsoft Visual Studio Solution File, Format Version 12.00
# Visual Studio Version 16
VisualStudioVersion = 16.0.31613.86
MinimumVisualStudioVersion = 10.0.40219.1
Project("{FAE04EC0-301F-11D3-BF4B-00C04F79EFBC}") = "appProcesamiento", "appProcesamiento\appProcesamiento.csproj", "{59FBA89B-A2C6-4F2A-903A-197364BD5CE1}"
EndProject
Global
	GlobalSection(SolutionConfigurationPlatforms) = preSolution
		Debug|Any CPU = Debug|Any CPU
		Release|Any CPU = Release|Any CPU
	EndGlobalSection
	GlobalSection(ProjectConfigurationPlatforms) = postSolution
		{59FBA89B-A2C6-4F2A-903A-197364BD5CE1}.Debug|Any CPU.ActiveCfg = Debug|Any CPU
		{59FBA89B-A2C6-4F2A-903A-197364BD5CE1}.Debug|Any CPU.Build.0 = Debug|Any CPU
		{59FBA89B-A2C6-4F2A-903A-197364BD5CE1}.Release|Any CPU.ActiveCfg = Release|Any CPU
		{59FBA89B-A2C6-4F2A-903A-197364BD5CE1}.Release|Any CPU.Build.0 = Release|Any CPU
	EndGlobalSection
	GlobalSection(SolutionProperties) = preSolution
		HideSolutionNode = FALSE
	EndGlobalSection
	GlobalSection(ExtensibilityGlobals) = postSolution
		SolutionGuid = {B247E06B-E3FB-48D7-BBB5-46F95F196F9D}
	EndGlobalSection
EndGlobal
